Microsoft Visual Studio Solution File, Format Version 11.00
# Visual Studio 2008

Project("{2FC4C2D7-088B-050D-A2D1-0807B3705C71}") = "ProjetBoss", "Assembly-CSharp-firstpass-vs.csproj", "{D59F728E-A51C-1CA7-42B6-18159A111B6F}"
EndProject
Project("{2FC4C2D7-088B-050D-A2D1-0807B3705C71}") = "ProjetBoss", "Assembly-CSharp-vs.csproj", "{978AF198-3D2F-40CD-69E3-957203EEA084}"
EndProject
Project("{2FC4C2D7-088B-050D-A2D1-0807B3705C71}") = "ProjetBoss", "Assembly-CSharp-Editor-vs.csproj", "{0EE65FE7-944C-ED65-4976-4C0BFB20937C}"
EndProject
Global
	GlobalSection(SolutionConfigurationPlatforms) = preSolution
		Debug|Any CPU = Debug|Any CPU
		Release|Any CPU = Release|Any CPU
	EndGlobalSection
	GlobalSection(ProjectConfigurationPlatforms) = postSolution
		{D59F728E-A51C-1CA7-42B6-18159A111B6F}.Debug|Any CPU.ActiveCfg = Debug|Any CPU
		{D59F728E-A51C-1CA7-42B6-18159A111B6F}.Debug|Any CPU.Build.0 = Debug|Any CPU
		{D59F728E-A51C-1CA7-42B6-18159A111B6F}.Release|Any CPU.ActiveCfg = Release|Any CPU
		{D59F728E-A51C-1CA7-42B6-18159A111B6F}.Release|Any CPU.Build.0 = Release|Any CPU
		{978AF198-3D2F-40CD-69E3-957203EEA084}.Debug|Any CPU.ActiveCfg = Debug|Any CPU
		{978AF198-3D2F-40CD-69E3-957203EEA084}.Debug|Any CPU.Build.0 = Debug|Any CPU
		{978AF198-3D2F-40CD-69E3-957203EEA084}.Release|Any CPU.ActiveCfg = Release|Any CPU
		{978AF198-3D2F-40CD-69E3-957203EEA084}.Release|Any CPU.Build.0 = Release|Any CPU
		{0EE65FE7-944C-ED65-4976-4C0BFB20937C}.Debug|Any CPU.ActiveCfg = Debug|Any CPU
		{0EE65FE7-944C-ED65-4976-4C0BFB20937C}.Debug|Any CPU.Build.0 = Debug|Any CPU
		{0EE65FE7-944C-ED65-4976-4C0BFB20937C}.Release|Any CPU.ActiveCfg = Release|Any CPU
		{0EE65FE7-944C-ED65-4976-4C0BFB20937C}.Release|Any CPU.Build.0 = Release|Any CPU
	EndGlobalSection
	GlobalSection(SolutionProperties) = preSolution
		HideSolutionNode = FALSE
	EndGlobalSection
																																																																																																																															GlobalSection(MonoDevelopProperties) = preSolution
=======
																																																																																																																			GlobalSection(MonoDevelopProperties) = preSolution
>>>>>>> 60634b916221a16591c6614aba4471cf8b3d7271
=======
																																																																																																							GlobalSection(MonoDevelopProperties) = preSolution
=======
<<<<<<< HEAD
																																																																																																					GlobalSection(MonoDevelopProperties) = preSolution
=======
																																																																																																		GlobalSection(MonoDevelopProperties) = preSolution
>>>>>>> ab1f23b0a8a704e458aec9c8ec1b9a7b7781348b
>>>>>>> e2c0d8ba47dcd6274418ca2c75f577fa51bd34bd
=======
																																																																																								GlobalSection(MonoDevelopProperties) = preSolution
>>>>>>> origin/matthieu
>>>>>>> 05a5e8be91d5a579900b3f92473d29fc2b4ddb28
=======
																																																																													GlobalSection(MonoDevelopProperties) = preSolution
>>>>>>> b6a54f315df162e4d7f06a1fd3f9e3af16fc3d46
=======
																																																	GlobalSection(MonoDevelopProperties) = preSolution
=======
																																																															GlobalSection(MonoDevelopProperties) = preSolution
>>>>>>> 1b4baa40a042c45b0c4494382df7ae9966d754e2
=======
																																												GlobalSection(MonoDevelopProperties) = preSolution
>>>>>>> d1751638000b78b337668a426d654c217607beda
>>>>>>> 8c454b954459c010d1eebb0989bf0d1c545ccd3f
=======
																																					GlobalSection(MonoDevelopProperties) = preSolution
>>>>>>> f9fcb1b995ac058a8a3fa4dbf1c4ec1b07327d9d
=======
																																											GlobalSection(MonoDevelopProperties) = preSolution
>>>>>>> bb01f24af6f085be2c7d33165cfe117097c47729
=======
																																																													GlobalSection(MonoDevelopProperties) = preSolution
>>>>>>> 94f43a9cc29698c88605dbc957c691e51f40548e
=======
																GlobalSection(MonoDevelopProperties) = preSolution
>>>>>>> 14c5ae2bb39b467e5e4f857b0fd53d3853bc6537
=======
																																GlobalSection(MonoDevelopProperties) = preSolution
>>>>>>> matthieu
		StartupItem = Assembly-CSharp.csproj
		Policies = $0
		$0.TextStylePolicy = $1
		$1.inheritsSet = null
		$1.scope = text/x-csharp
		$0.CSharpFormattingPolicy = $2
		$2.inheritsSet = Mono
		$2.inheritsScope = text/x-csharp
		$2.scope = text/x-csharp
		$0.TextStylePolicy = $3
		$3.FileWidth = 120
		$3.TabWidth = 4
		$3.IndentWidth = 4
		$3.EolMarker = Unix
		$3.inheritsSet = Mono
		$3.inheritsScope = text/plain
		$3.scope = text/plain
	EndGlobalSection

EndGlobal
